
Microsoft Visual Studio Solution File, Format Version 12.00
# Visual Studio Version 16
VisualStudioVersion = 16.0.30611.23
MinimumVisualStudioVersion = 10.0.40219.1
Project("{FAE04EC0-301F-11D3-BF4B-00C04F79EFBC}") = "project2", "project2\project2.csproj", "{EACCA77F-2F5F-4247-B76E-66B580583670}"
EndProject
Global
	GlobalSection(SolutionConfigurationPlatforms) = preSolution
		Debug|Any CPU = Debug|Any CPU
		Release|Any CPU = Release|Any CPU
	EndGlobalSection
	GlobalSection(ProjectConfigurationPlatforms) = postSolution
		{EACCA77F-2F5F-4247-B76E-66B580583670}.Debug|Any CPU.ActiveCfg = Debug|Any CPU
		{EACCA77F-2F5F-4247-B76E-66B580583670}.Debug|Any CPU.Build.0 = Debug|Any CPU
		{EACCA77F-2F5F-4247-B76E-66B580583670}.Release|Any CPU.ActiveCfg = Release|Any CPU
		{EACCA77F-2F5F-4247-B76E-66B580583670}.Release|Any CPU.Build.0 = Release|Any CPU
	EndGlobalSection
	GlobalSection(SolutionProperties) = preSolution
		HideSolutionNode = FALSE
	EndGlobalSection
	GlobalSection(ExtensibilityGlobals) = postSolution
		SolutionGuid = {10A21D81-302E-4829-A985-F0C431B150E3}
	EndGlobalSection
EndGlobal
